<?xml version="1.0" encoding="utf-8"?>
<Project ToolsVersion="4.0" xmlns="http://schemas.microsoft.com/developer/msbuild/2003">
  <ItemGroup>
    <Filter Include="Source Files">
      <UniqueIdentifier>{4FC737F1-C7A5-4376-A066-2A32D752A2FF}</UniqueIdentifier>
      <Extensions>cpp;c;cc;cxx;def;odl;idl;hpj;bat;asm;asmx</Extensions>
    </Filter>
    <Filter Include="Header Files">
      <UniqueIdentifier>{93995380-89BD-4b04-88EB-625FBE52EBFB}</UniqueIdentifier>
      <Extensions>h;hpp;hxx;hm;inl;inc;xsd</Extensions>
    </Filter>
    <Filter Include="Resource Files">
      <UniqueIdentifier>{67DA6AB6-F800-4c08-8B7A-83BB121AAD01}</UniqueIdentifier>
      <Extensions>rc;ico;cur;bmp;dlg;rc2;rct;bin;rgs;gif;jpg;jpeg;jpe;resx;tiff;tif;png;wav;mfcribbon-ms</Extensions>
    </Filter>
    <Filter Include="Header Files\menu">
      <UniqueIdentifier>{b0bd6dfc-f51b-4d72-92f3-fbf316aa1540}</UniqueIdentifier>
    </Filter>
    <Filter Include="Source Files\menu">
      <UniqueIdentifier>{13396a58-5686-4346-9a98-da361611996e}</UniqueIdentifier>
    </Filter>
    <Filter Include="Header Files\game">
      <UniqueIdentifier>{cfdc19d2-11d1-40f0-ad92-2a7bea866287}</UniqueIdentifier>
    </Filter>
    <Filter Include="Source Files\game">
      <UniqueIdentifier>{65e58e83-fbcb-4413-93a0-3ae671d1752b}</UniqueIdentifier>
    </Filter>
    <Filter Include="Source Files\object">
      <UniqueIdentifier>{a18b8140-924b-48f7-85aa-8ad5583976ad}</UniqueIdentifier>
    </Filter>
    <Filter Include="Header Files\object">
      <UniqueIdentifier>{ddaf9115-b84e-4258-8d44-eb2a1c82ff7d}</UniqueIdentifier>
    </Filter>
  </ItemGroup>
  <ItemGroup>
    <ClCompile Include="main.cpp" />
    <ClCompile Include="HighScores.cpp">
      <Filter>Source Files\menu</Filter>
    </ClCompile>
    <ClCompile Include="LoadGame.cpp">
      <Filter>Source Files\menu</Filter>
    </ClCompile>
    <ClCompile Include="MainMenu.cpp">
      <Filter>Source Files\menu</Filter>
    </ClCompile>
    <ClCompile Include="Options.cpp">
      <Filter>Source Files\menu</Filter>
    </ClCompile>
    <ClCompile Include="GameObject.cpp">
      <Filter>Source Files\game</Filter>
    </ClCompile>
    <ClCompile Include="LevelStage.cpp">
      <Filter>Source Files\game</Filter>
    </ClCompile>
    <ClCompile Include="Object.cpp">
      <Filter>Source Files\object</Filter>
    </ClCompile>
    <ClCompile Include="Pacman.cpp">
      <Filter>Source Files\object</Filter>
    </ClCompile>
    <ClCompile Include="Wall.cpp">
      <Filter>Source Files\object</Filter>
    </ClCompile>
    <ClCompile Include="Ghost.cpp">
      <Filter>Source Files\object</Filter>
    </ClCompile>
    <ClCompile Include="Point.cpp">
      <Filter>Source Files\object</Filter>
    </ClCompile>
    <ClCompile Include="GameLevel.cpp">
      <Filter>Source Files\game</Filter>
    </ClCompile>
    <ClCompile Include="GameEditor.cpp">
      <Filter>Source Files</Filter>
    </ClCompile>
  </ItemGroup>
  <ItemGroup>
    <ClInclude Include="HighScores.hpp">
      <Filter>Header Files\menu</Filter>
    </ClInclude>
    <ClInclude Include="LoadGame.hpp">
      <Filter>Header Files\menu</Filter>
    </ClInclude>
    <ClInclude Include="MainMenu.hpp">
      <Filter>Header Files\menu</Filter>
    </ClInclude>
    <ClInclude Include="Options.hpp">
      <Filter>Header Files\menu</Filter>
    </ClInclude>
    <ClInclude Include="GameObject.hpp">
      <Filter>Header Files\game</Filter>
    </ClInclude>
    <ClInclude Include="IGameStage.hpp">
      <Filter>Header Files\game</Filter>
    </ClInclude>
    <ClInclude Include="LevelStage.hpp">
      <Filter>Header Files\game</Filter>
    </ClInclude>
    <ClInclude Include="Object.hpp">
      <Filter>Header Files\object</Filter>
    </ClInclude>
    <ClInclude Include="Pacman.hpp">
      <Filter>Header Files\object</Filter>
    </ClInclude>
    <ClInclude Include="Wall.hpp">
      <Filter>Header Files\object</Filter>
    </ClInclude>
    <ClInclude Include="Ghost.hpp">
      <Filter>Header Files\object</Filter>
    </ClInclude>
    <ClInclude Include="Point.hpp">
      <Filter>Header Files\object</Filter>
    </ClInclude>
    <ClInclude Include="GameLevel.hpp">
      <Filter>Header Files\game</Filter>
    </ClInclude>
    <ClInclude Include="GameEditor.hpp">
      <Filter>Header Files</Filter>
    </ClInclude>
  </ItemGroup>
</Project>